// !$*UTF8*$!
{
	archiveVersion = 1;
	classes = {
	};
	objectVersion = 50;
	objects = {

/* Begin PBXBuildFile section */
		2ADF98B222C81A1700367145 /* AppDelegate.swift in Sources */ = {isa = PBXBuildFile; fileRef = 2ADF98B122C81A1700367145 /* AppDelegate.swift */; };
		2ADF98B422C81A1700367145 /* RootViewController.swift in Sources */ = {isa = PBXBuildFile; fileRef = 2ADF98B322C81A1700367145 /* RootViewController.swift */; };
		2ADF98B622C81A1700367145 /* DataViewController.swift in Sources */ = {isa = PBXBuildFile; fileRef = 2ADF98B522C81A1700367145 /* DataViewController.swift */; };
		2ADF98B822C81A1700367145 /* ModelController.swift in Sources */ = {isa = PBXBuildFile; fileRef = 2ADF98B722C81A1700367145 /* ModelController.swift */; };
		2ADF98BB22C81A1700367145 /* Main.storyboard in Resources */ = {isa = PBXBuildFile; fileRef = 2ADF98B922C81A1700367145 /* Main.storyboard */; };
		2ADF98BD22C81A1800367145 /* Assets.xcassets in Resources */ = {isa = PBXBuildFile; fileRef = 2ADF98BC22C81A1800367145 /* Assets.xcassets */; };
		2ADF98C022C81A1800367145 /* LaunchScreen.storyboard in Resources */ = {isa = PBXBuildFile; fileRef = 2ADF98BE22C81A1800367145 /* LaunchScreen.storyboard */; };
		2ADF98CB22C81A1800367145 /* taskdateTests.swift in Sources */ = {isa = PBXBuildFile; fileRef = 2ADF98CA22C81A1800367145 /* taskdateTests.swift */; };
		2ADF98D622C81A1800367145 /* taskdateUITests.swift in Sources */ = {isa = PBXBuildFile; fileRef = 2ADF98D522C81A1800367145 /* taskdateUITests.swift */; };
/* End PBXBuildFile section */

/* Begin PBXContainerItemProxy section */
		2ADF98C722C81A1800367145 /* PBXContainerItemProxy */ = {
			isa = PBXContainerItemProxy;
			containerPortal = 2ADF98A622C81A1700367145 /* Project object */;
			proxyType = 1;
			remoteGlobalIDString = 2ADF98AD22C81A1700367145;
			remoteInfo = taskdate;
		};
		2ADF98D222C81A1800367145 /* PBXContainerItemProxy */ = {
			isa = PBXContainerItemProxy;
			containerPortal = 2ADF98A622C81A1700367145 /* Project object */;
			proxyType = 1;
			remoteGlobalIDString = 2ADF98AD22C81A1700367145;
			remoteInfo = taskdate;
		};
/* End PBXContainerItemProxy section */

/* Begin PBXFileReference section */
		2ADF98AE22C81A1700367145 /* taskdate.app */ = {isa = PBXFileReference; explicitFileType = wrapper.application; includeInIndex = 0; path = taskdate.app; sourceTree = BUILT_PRODUCTS_DIR; };
		2ADF98B122C81A1700367145 /* AppDelegate.swift */ = {isa = PBXFileReference; lastKnownFileType = sourcecode.swift; path = AppDelegate.swift; sourceTree = "<group>"; };
		2ADF98B322C81A1700367145 /* RootViewController.swift */ = {isa = PBXFileReference; lastKnownFileType = sourcecode.swift; path = RootViewController.swift; sourceTree = "<group>"; };
		2ADF98B522C81A1700367145 /* DataViewController.swift */ = {isa = PBXFileReference; lastKnownFileType = sourcecode.swift; path = DataViewController.swift; sourceTree = "<group>"; };
		2ADF98B722C81A1700367145 /* ModelController.swift */ = {isa = PBXFileReference; lastKnownFileType = sourcecode.swift; path = ModelController.swift; sourceTree = "<group>"; };
		2ADF98BA22C81A1700367145 /* Base */ = {isa = PBXFileReference; lastKnownFileType = file.storyboard; name = Base; path = Base.lproj/Main.storyboard; sourceTree = "<group>"; };
		2ADF98BC22C81A1800367145 /* Assets.xcassets */ = {isa = PBXFileReference; lastKnownFileType = folder.assetcatalog; path = Assets.xcassets; sourceTree = "<group>"; };
		2ADF98BF22C81A1800367145 /* Base */ = {isa = PBXFileReference; lastKnownFileType = file.storyboard; name = Base; path = Base.lproj/LaunchScreen.storyboard; sourceTree = "<group>"; };
		2ADF98C122C81A1800367145 /* Info.plist */ = {isa = PBXFileReference; lastKnownFileType = text.plist.xml; path = Info.plist; sourceTree = "<group>"; };
		2ADF98C622C81A1800367145 /* taskdateTests.xctest */ = {isa = PBXFileReference; explicitFileType = wrapper.cfbundle; includeInIndex = 0; path = taskdateTests.xctest; sourceTree = BUILT_PRODUCTS_DIR; };
		2ADF98CA22C81A1800367145 /* taskdateTests.swift */ = {isa = PBXFileReference; lastKnownFileType = sourcecode.swift; path = taskdateTests.swift; sourceTree = "<group>"; };
		2ADF98CC22C81A1800367145 /* Info.plist */ = {isa = PBXFileReference; lastKnownFileType = text.plist.xml; path = Info.plist; sourceTree = "<group>"; };
		2ADF98D122C81A1800367145 /* taskdateUITests.xctest */ = {isa = PBXFileReference; explicitFileType = wrapper.cfbundle; includeInIndex = 0; path = taskdateUITests.xctest; sourceTree = BUILT_PRODUCTS_DIR; };
		2ADF98D522C81A1800367145 /* taskdateUITests.swift */ = {isa = PBXFileReference; lastKnownFileType = sourcecode.swift; path = taskdateUITests.swift; sourceTree = "<group>"; };
		2ADF98D722C81A1800367145 /* Info.plist */ = {isa = PBXFileReference; lastKnownFileType = text.plist.xml; path = Info.plist; sourceTree = "<group>"; };
/* End PBXFileReference section */

/* Begin PBXFrameworksBuildPhase section */
		2ADF98AB22C81A1700367145 /* Frameworks */ = {
			isa = PBXFrameworksBuildPhase;
			buildActionMask = 2147483647;
			files = (
			);
			runOnlyForDeploymentPostprocessing = 0;
		};
		2ADF98C322C81A1800367145 /* Frameworks */ = {
			isa = PBXFrameworksBuildPhase;
			buildActionMask = 2147483647;
			files = (
			);
			runOnlyForDeploymentPostprocessing = 0;
		};
		2ADF98CE22C81A1800367145 /* Frameworks */ = {
			isa = PBXFrameworksBuildPhase;
			buildActionMask = 2147483647;
			files = (
			);
			runOnlyForDeploymentPostprocessing = 0;
		};
/* End PBXFrameworksBuildPhase section */

/* Begin PBXGroup section */
		2ADF98A522C81A1700367145 = {
			isa = PBXGroup;
			children = (
				2ADF98B022C81A1700367145 /* taskdate */,
				2ADF98C922C81A1800367145 /* taskdateTests */,
				2ADF98D422C81A1800367145 /* taskdateUITests */,
				2ADF98AF22C81A1700367145 /* Products */,
			);
			sourceTree = "<group>";
		};
		2ADF98AF22C81A1700367145 /* Products */ = {
			isa = PBXGroup;
			children = (
				2ADF98AE22C81A1700367145 /* taskdate.app */,
				2ADF98C622C81A1800367145 /* taskdateTests.xctest */,
				2ADF98D122C81A1800367145 /* taskdateUITests.xctest */,
			);
			name = Products;
			sourceTree = "<group>";
		};
		2ADF98B022C81A1700367145 /* taskdate */ = {
			isa = PBXGroup;
			children = (
				2ADF98B122C81A1700367145 /* AppDelegate.swift */,
				2ADF98B322C81A1700367145 /* RootViewController.swift */,
				2ADF98B522C81A1700367145 /* DataViewController.swift */,
				2ADF98B722C81A1700367145 /* ModelController.swift */,
				2ADF98B922C81A1700367145 /* Main.storyboard */,
				2ADF98BC22C81A1800367145 /* Assets.xcassets */,
				2ADF98BE22C81A1800367145 /* LaunchScreen.storyboard */,
				2ADF98C122C81A1800367145 /* Info.plist */,
			);
			path = taskdate;
			sourceTree = "<group>";
		};
		2ADF98C922C81A1800367145 /* taskdateTests */ = {
			isa = PBXGroup;
			children = (
				2ADF98CA22C81A1800367145 /* taskdateTests.swift */,
				2ADF98CC22C81A1800367145 /* Info.plist */,
			);
			path = taskdateTests;
			sourceTree = "<group>";
		};
		2ADF98D422C81A1800367145 /* taskdateUITests */ = {
			isa = PBXGroup;
			children = (
				2ADF98D522C81A1800367145 /* taskdateUITests.swift */,
				2ADF98D722C81A1800367145 /* Info.plist */,
			);
			path = taskdateUITests;
			sourceTree = "<group>";
		};
/* End PBXGroup section */

/* Begin PBXNativeTarget section */
		2ADF98AD22C81A1700367145 /* taskdate */ = {
			isa = PBXNativeTarget;
			buildConfigurationList = 2ADF98DA22C81A1800367145 /* Build configuration list for PBXNativeTarget "taskdate" */;
			buildPhases = (
				2ADF98AA22C81A1700367145 /* Sources */,
				2ADF98AB22C81A1700367145 /* Frameworks */,
				2ADF98AC22C81A1700367145 /* Resources */,
			);
			buildRules = (
			);
			dependencies = (
			);
			name = taskdate;
			productName = taskdate;
			productReference = 2ADF98AE22C81A1700367145 /* taskdate.app */;
			productType = "com.apple.product-type.application";
		};
		2ADF98C522C81A1800367145 /* taskdateTests */ = {
			isa = PBXNativeTarget;
			buildConfigurationList = 2ADF98DD22C81A1800367145 /* Build configuration list for PBXNativeTarget "taskdateTests" */;
			buildPhases = (
				2ADF98C222C81A1800367145 /* Sources */,
				2ADF98C322C81A1800367145 /* Frameworks */,
				2ADF98C422C81A1800367145 /* Resources */,
			);
			buildRules = (
			);
			dependencies = (
				2ADF98C822C81A1800367145 /* PBXTargetDependency */,
			);
			name = taskdateTests;
			productName = taskdateTests;
			productReference = 2ADF98C622C81A1800367145 /* taskdateTests.xctest */;
			productType = "com.apple.product-type.bundle.unit-test";
		};
		2ADF98D022C81A1800367145 /* taskdateUITests */ = {
			isa = PBXNativeTarget;
			buildConfigurationList = 2ADF98E022C81A1800367145 /* Build configuration list for PBXNativeTarget "taskdateUITests" */;
			buildPhases = (
				2ADF98CD22C81A1800367145 /* Sources */,
				2ADF98CE22C81A1800367145 /* Frameworks */,
				2ADF98CF22C81A1800367145 /* Resources */,
			);
			buildRules = (
			);
			dependencies = (
				2ADF98D322C81A1800367145 /* PBXTargetDependency */,
			);
			name = taskdateUITests;
			productName = taskdateUITests;
			productReference = 2ADF98D122C81A1800367145 /* taskdateUITests.xctest */;
			productType = "com.apple.product-type.bundle.ui-testing";
		};
/* End PBXNativeTarget section */

/* Begin PBXProject section */
		2ADF98A622C81A1700367145 /* Project object */ = {
			isa = PBXProject;
			attributes = {
				LastSwiftUpdateCheck = 1020;
				LastUpgradeCheck = 1020;
				ORGANIZATIONNAME = PLLL;
				TargetAttributes = {
					2ADF98AD22C81A1700367145 = {
						CreatedOnToolsVersion = 10.2.1;
					};
					2ADF98C522C81A1800367145 = {
						CreatedOnToolsVersion = 10.2.1;
						TestTargetID = 2ADF98AD22C81A1700367145;
					};
					2ADF98D022C81A1800367145 = {
						CreatedOnToolsVersion = 10.2.1;
						TestTargetID = 2ADF98AD22C81A1700367145;
					};
				};
			};
			buildConfigurationList = 2ADF98A922C81A1700367145 /* Build configuration list for PBXProject "taskdate" */;
			compatibilityVersion = "Xcode 9.3";
			developmentRegion = en;
			hasScannedForEncodings = 0;
			knownRegions = (
				en,
				Base,
			);
			mainGroup = 2ADF98A522C81A1700367145;
			productRefGroup = 2ADF98AF22C81A1700367145 /* Products */;
			projectDirPath = "";
			projectRoot = "";
			targets = (
				2ADF98AD22C81A1700367145 /* taskdate */,
				2ADF98C522C81A1800367145 /* taskdateTests */,
				2ADF98D022C81A1800367145 /* taskdateUITests */,
			);
		};
/* End PBXProject section */

/* Begin PBXResourcesBuildPhase section */
		2ADF98AC22C81A1700367145 /* Resources */ = {
			isa = PBXResourcesBuildPhase;
			buildActionMask = 2147483647;
			files = (
				2ADF98C022C81A1800367145 /* LaunchScreen.storyboard in Resources */,
				2ADF98BD22C81A1800367145 /* Assets.xcassets in Resources */,
				2ADF98BB22C81A1700367145 /* Main.storyboard in Resources */,
			);
			runOnlyForDeploymentPostprocessing = 0;
		};
		2ADF98C422C81A1800367145 /* Resources */ = {
			isa = PBXResourcesBuildPhase;
			buildActionMask = 2147483647;
			files = (
			);
			runOnlyForDeploymentPostprocessing = 0;
		};
		2ADF98CF22C81A1800367145 /* Resources */ = {
			isa = PBXResourcesBuildPhase;
			buildActionMask = 2147483647;
			files = (
			);
			runOnlyForDeploymentPostprocessing = 0;
		};
/* End PBXResourcesBuildPhase section */

/* Begin PBXSourcesBuildPhase section */
		2ADF98AA22C81A1700367145 /* Sources */ = {
			isa = PBXSourcesBuildPhase;
			buildActionMask = 2147483647;
			files = (
				2ADF98B422C81A1700367145 /* RootViewController.swift in Sources */,
				2ADF98B822C81A1700367145 /* ModelController.swift in Sources */,
				2ADF98B622C81A1700367145 /* DataViewController.swift in Sources */,
				2ADF98B222C81A1700367145 /* AppDelegate.swift in Sources */,
			);
			runOnlyForDeploymentPostprocessing = 0;
		};
		2ADF98C222C81A1800367145 /* Sources */ = {
			isa = PBXSourcesBuildPhase;
			buildActionMask = 2147483647;
			files = (
				2ADF98CB22C81A1800367145 /* taskdateTests.swift in Sources */,
			);
			runOnlyForDeploymentPostprocessing = 0;
		};
		2ADF98CD22C81A1800367145 /* Sources */ = {
			isa = PBXSourcesBuildPhase;
			buildActionMask = 2147483647;
			files = (
				2ADF98D622C81A1800367145 /* taskdateUITests.swift in Sources */,
			);
			runOnlyForDeploymentPostprocessing = 0;
		};
/* End PBXSourcesBuildPhase section */

/* Begin PBXTargetDependency section */
		2ADF98C822C81A1800367145 /* PBXTargetDependency */ = {
			isa = PBXTargetDependency;
			target = 2ADF98AD22C81A1700367145 /* taskdate */;
			targetProxy = 2ADF98C722C81A1800367145 /* PBXContainerItemProxy */;
		};
		2ADF98D322C81A1800367145 /* PBXTargetDependency */ = {
			isa = PBXTargetDependency;
			target = 2ADF98AD22C81A1700367145 /* taskdate */;
			targetProxy = 2ADF98D222C81A1800367145 /* PBXContainerItemProxy */;
		};
/* End PBXTargetDependency section */

/* Begin PBXVariantGroup section */
		2ADF98B922C81A1700367145 /* Main.storyboard */ = {
			isa = PBXVariantGroup;
			children = (
				2ADF98BA22C81A1700367145 /* Base */,
			);
			name = Main.storyboard;
			sourceTree = "<group>";
		};
		2ADF98BE22C81A1800367145 /* LaunchScreen.storyboard */ = {
			isa = PBXVariantGroup;
			children = (
				2ADF98BF22C81A1800367145 /* Base */,
			);
			name = LaunchScreen.storyboard;
			sourceTree = "<group>";
		};
/* End PBXVariantGroup section */

/* Begin XCBuildConfiguration section */
		2ADF98D822C81A1800367145 /* Debug */ = {
			isa = XCBuildConfiguration;
			buildSettings = {
				ALWAYS_SEARCH_USER_PATHS = NO;
				CLANG_ANALYZER_NONNULL = YES;
				CLANG_ANALYZER_NUMBER_OBJECT_CONVERSION = YES_AGGRESSIVE;
				CLANG_CXX_LANGUAGE_STANDARD = "gnu++14";
				CLANG_CXX_LIBRARY = "libc++";
				CLANG_ENABLE_MODULES = YES;
				CLANG_ENABLE_OBJC_ARC = YES;
				CLANG_ENABLE_OBJC_WEAK = YES;
				CLANG_WARN_BLOCK_CAPTURE_AUTORELEASING = YES;
				CLANG_WARN_BOOL_CONVERSION = YES;
				CLANG_WARN_COMMA = YES;
				CLANG_WARN_CONSTANT_CONVERSION = YES;
				CLANG_WARN_DEPRECATED_OBJC_IMPLEMENTATIONS = YES;
				CLANG_WARN_DIRECT_OBJC_ISA_USAGE = YES_ERROR;
				CLANG_WARN_DOCUMENTATION_COMMENTS = YES;
				CLANG_WARN_EMPTY_BODY = YES;
				CLANG_WARN_ENUM_CONVERSION = YES;
				CLANG_WARN_INFINITE_RECURSION = YES;
				CLANG_WARN_INT_CONVERSION = YES;
				CLANG_WARN_NON_LITERAL_NULL_CONVERSION = YES;
				CLANG_WARN_OBJC_IMPLICIT_RETAIN_SELF = YES;
				CLANG_WARN_OBJC_LITERAL_CONVERSION = YES;
				CLANG_WARN_OBJC_ROOT_CLASS = YES_ERROR;
				CLANG_WARN_RANGE_LOOP_ANALYSIS = YES;
				CLANG_WARN_STRICT_PROTOTYPES = YES;
				CLANG_WARN_SUSPICIOUS_MOVE = YES;
				CLANG_WARN_UNGUARDED_AVAILABILITY = YES_AGGRESSIVE;
				CLANG_WARN_UNREACHABLE_CODE = YES;
				CLANG_WARN__DUPLICATE_METHOD_MATCH = YES;
				CODE_SIGN_IDENTITY = "iPhone Developer";
				COPY_PHASE_STRIP = NO;
				DEBUG_INFORMATION_FORMAT = dwarf;
				ENABLE_STRICT_OBJC_MSGSEND = YES;
				ENABLE_TESTABILITY = YES;
				GCC_C_LANGUAGE_STANDARD = gnu11;
				GCC_DYNAMIC_NO_PIC = NO;
				GCC_NO_COMMON_BLOCKS = YES;
				GCC_OPTIMIZATION_LEVEL = 0;
				GCC_PREPROCESSOR_DEFINITIONS = (
					"DEBUG=1",
					"$(inherited)",
				);
				GCC_WARN_64_TO_32_BIT_CONVERSION = YES;
				GCC_WARN_ABOUT_RETURN_TYPE = YES_ERROR;
				GCC_WARN_UNDECLARED_SELECTOR = YES;
				GCC_WARN_UNINITIALIZED_AUTOS = YES_AGGRESSIVE;
				GCC_WARN_UNUSED_FUNCTION = YES;
				GCC_WARN_UNUSED_VARIABLE = YES;
				IPHONEOS_DEPLOYMENT_TARGET = 12.2;
				MTL_ENABLE_DEBUG_INFO = INCLUDE_SOURCE;
				MTL_FAST_MATH = YES;
				ONLY_ACTIVE_ARCH = YES;
				SDKROOT = iphoneos;
				SWIFT_ACTIVE_COMPILATION_CONDITIONS = DEBUG;
				SWIFT_OPTIMIZATION_LEVEL = "-Onone";
			};
			name = Debug;
		};
		2ADF98D922C81A1800367145 /* Release */ = {
			isa = XCBuildConfiguration;
			buildSettings = {
				ALWAYS_SEARCH_USER_PATHS = NO;
				CLANG_ANALYZER_NONNULL = YES;
				CLANG_ANALYZER_NUMBER_OBJECT_CONVERSION = YES_AGGRESSIVE;
				CLANG_CXX_LANGUAGE_STANDARD = "gnu++14";
				CLANG_CXX_LIBRARY = "libc++";
				CLANG_ENABLE_MODULES = YES;
				CLANG_ENABLE_OBJC_ARC = YES;
				CLANG_ENABLE_OBJC_WEAK = YES;
				CLANG_WARN_BLOCK_CAPTURE_AUTORELEASING = YES;
				CLANG_WARN_BOOL_CONVERSION = YES;
				CLANG_WARN_COMMA = YES;
				CLANG_WARN_CONSTANT_CONVERSION = YES;
				CLANG_WARN_DEPRECATED_OBJC_IMPLEMENTATIONS = YES;
				CLANG_WARN_DIRECT_OBJC_ISA_USAGE = YES_ERROR;
				CLANG_WARN_DOCUMENTATION_COMMENTS = YES;
				CLANG_WARN_EMPTY_BODY = YES;
				CLANG_WARN_ENUM_CONVERSION = YES;
				CLANG_WARN_INFINITE_RECURSION = YES;
				CLANG_WARN_INT_CONVERSION = YES;
				CLANG_WARN_NON_LITERAL_NULL_CONVERSION = YES;
				CLANG_WARN_OBJC_IMPLICIT_RETAIN_SELF = YES;
				CLANG_WARN_OBJC_LITERAL_CONVERSION = YES;
				CLANG_WARN_OBJC_ROOT_CLASS = YES_ERROR;
				CLANG_WARN_RANGE_LOOP_ANALYSIS = YES;
				CLANG_WARN_STRICT_PROTOTYPES = YES;
				CLANG_WARN_SUSPICIOUS_MOVE = YES;
				CLANG_WARN_UNGUARDED_AVAILABILITY = YES_AGGRESSIVE;
				CLANG_WARN_UNREACHABLE_CODE = YES;
				CLANG_WARN__DUPLICATE_METHOD_MATCH = YES;
				CODE_SIGN_IDENTITY = "iPhone Developer";
				COPY_PHASE_STRIP = NO;
				DEBUG_INFORMATION_FORMAT = "dwarf-with-dsym";
				ENABLE_NS_ASSERTIONS = NO;
				ENABLE_STRICT_OBJC_MSGSEND = YES;
				GCC_C_LANGUAGE_STANDARD = gnu11;
				GCC_NO_COMMON_BLOCKS = YES;
				GCC_WARN_64_TO_32_BIT_CONVERSION = YES;
				GCC_WARN_ABOUT_RETURN_TYPE = YES_ERROR;
				GCC_WARN_UNDECLARED_SELECTOR = YES;
				GCC_WARN_UNINITIALIZED_AUTOS = YES_AGGRESSIVE;
				GCC_WARN_UNUSED_FUNCTION = YES;
				GCC_WARN_UNUSED_VARIABLE = YES;
				IPHONEOS_DEPLOYMENT_TARGET = 12.2;
				MTL_ENABLE_DEBUG_INFO = NO;
				MTL_FAST_MATH = YES;
				SDKROOT = iphoneos;
				SWIFT_COMPILATION_MODE = wholemodule;
				SWIFT_OPTIMIZATION_LEVEL = "-O";
				VALIDATE_PRODUCT = YES;
			};
			name = Release;
		};
		2ADF98DB22C81A1800367145 /* Debug */ = {
			isa = XCBuildConfiguration;
			buildSettings = {
				ASSETCATALOG_COMPILER_APPICON_NAME = AppIcon;
				CODE_SIGN_STYLE = Automatic;
				INFOPLIST_FILE = taskdate/Info.plist;
				LD_RUNPATH_SEARCH_PATHS = (
					"$(inherited)",
					"@executable_path/Frameworks",
				);
				PRODUCT_BUNDLE_IDENTIFIER = PLLL.taskdate;
				PRODUCT_NAME = "$(TARGET_NAME)";
				SWIFT_VERSION = 5.0;
				TARGETED_DEVICE_FAMILY = "1,2";
			};
			name = Debug;
		};
		2ADF98DC22C81A1800367145 /* Release */ = {
			isa = XCBuildConfiguration;
			buildSettings = {
				ASSETCATALOG_COMPILER_APPICON_NAME = AppIcon;
				CODE_SIGN_STYLE = Automatic;
				INFOPLIST_FILE = taskdate/Info.plist;
				LD_RUNPATH_SEARCH_PATHS = (
					"$(inherited)",
					"@executable_path/Frameworks",
				);
				PRODUCT_BUNDLE_IDENTIFIER = PLLL.taskdate;
				PRODUCT_NAME = "$(TARGET_NAME)";
				SWIFT_VERSION = 5.0;
				TARGETED_DEVICE_FAMILY = "1,2";
			};
			name = Release;
		};
		2ADF98DE22C81A1800367145 /* Debug */ = {
			isa = XCBuildConfiguration;
			buildSettings = {
				ALWAYS_EMBED_SWIFT_STANDARD_LIBRARIES = YES;
				BUNDLE_LOADER = "$(TEST_HOST)";
				CODE_SIGN_STYLE = Automatic;
				INFOPLIST_FILE = taskdateTests/Info.plist;
				LD_RUNPATH_SEARCH_PATHS = (
					"$(inherited)",
					"@executable_path/Frameworks",
					"@loader_path/Frameworks",
				);
				PRODUCT_BUNDLE_IDENTIFIER = PLLL.taskdateTests;
				PRODUCT_NAME = "$(TARGET_NAME)";
				SWIFT_VERSION = 5.0;
				TARGETED_DEVICE_FAMILY = "1,2";
				TEST_HOST = "$(BUILT_PRODUCTS_DIR)/taskdate.app/taskdate";
			};
			name = Debug;
		};
		2ADF98DF22C81A1800367145 /* Release */ = {
			isa = XCBuildConfiguration;
			buildSettings = {
				ALWAYS_EMBED_SWIFT_STANDARD_LIBRARIES = YES;
				BUNDLE_LOADER = "$(TEST_HOST)";
				CODE_SIGN_STYLE = Automatic;
				INFOPLIST_FILE = taskdateTests/Info.plist;
				LD_RUNPATH_SEARCH_PATHS = (
					"$(inherited)",
					"@executable_path/Frameworks",
					"@loader_path/Frameworks",
				);
				PRODUCT_BUNDLE_IDENTIFIER = PLLL.taskdateTests;
				PRODUCT_NAME = "$(TARGET_NAME)";
				SWIFT_VERSION = 5.0;
				TARGETED_DEVICE_FAMILY = "1,2";
				TEST_HOST = "$(BUILT_PRODUCTS_DIR)/taskdate.app/taskdate";
			};
			name = Release;
		};
		2ADF98E122C81A1800367145 /* Debug */ = {
			isa = XCBuildConfiguration;
			buildSettings = {
				ALWAYS_EMBED_SWIFT_STANDARD_LIBRARIES = YES;
				CODE_SIGN_STYLE = Automatic;
				INFOPLIST_FILE = taskdateUITests/Info.plist;
				LD_RUNPATH_SEARCH_PATHS = (
					"$(inherited)",
					"@executable_path/Frameworks",
					"@loader_path/Frameworks",
				);
				PRODUCT_BUNDLE_IDENTIFIER = PLLL.taskdateUITests;
				PRODUCT_NAME = "$(TARGET_NAME)";
				SWIFT_VERSION = 5.0;
				TARGETED_DEVICE_FAMILY = "1,2";
				TEST_TARGET_NAME = taskdate;
			};
			name = Debug;
		};
		2ADF98E222C81A1800367145 /* Release */ = {
			isa = XCBuildConfiguration;
			buildSettings = {
				ALWAYS_EMBED_SWIFT_STANDARD_LIBRARIES = YES;
				CODE_SIGN_STYLE = Automatic;
				INFOPLIST_FILE = taskdateUITests/Info.plist;
				LD_RUNPATH_SEARCH_PATHS = (
					"$(inherited)",
					"@executable_path/Frameworks",
					"@loader_path/Frameworks",
				);
				PRODUCT_BUNDLE_IDENTIFIER = PLLL.taskdateUITests;
				PRODUCT_NAME = "$(TARGET_NAME)";
				SWIFT_VERSION = 5.0;
				TARGETED_DEVICE_FAMILY = "1,2";
				TEST_TARGET_NAME = taskdate;
			};
			name = Release;
		};
/* End XCBuildConfiguration section */

/* Begin XCConfigurationList section */
		2ADF98A922C81A1700367145 /* Build configuration list for PBXProject "taskdate" */ = {
			isa = XCConfigurationList;
			buildConfigurations = (
				2ADF98D822C81A1800367145 /* Debug */,
				2ADF98D922C81A1800367145 /* Release */,
			);
			defaultConfigurationIsVisible = 0;
			defaultConfigurationName = Release;
		};
		2ADF98DA22C81A1800367145 /* Build configuration list for PBXNativeTarget "taskdate" */ = {
			isa = XCConfigurationList;
			buildConfigurations = (
				2ADF98DB22C81A1800367145 /* Debug */,
				2ADF98DC22C81A1800367145 /* Release */,
			);
			defaultConfigurationIsVisible = 0;
			defaultConfigurationName = Release;
		};
		2ADF98DD22C81A1800367145 /* Build configuration list for PBXNativeTarget "taskdateTests" */ = {
			isa = XCConfigurationList;
			buildConfigurations = (
				2ADF98DE22C81A1800367145 /* Debug */,
				2ADF98DF22C81A1800367145 /* Release */,
			);
			defaultConfigurationIsVisible = 0;
			defaultConfigurationName = Release;
		};
		2ADF98E022C81A1800367145 /* Build configuration list for PBXNativeTarget "taskdateUITests" */ = {
			isa = XCConfigurationList;
			buildConfigurations = (
				2ADF98E122C81A1800367145 /* Debug */,
				2ADF98E222C81A1800367145 /* Release */,
			);
			defaultConfigurationIsVisible = 0;
			defaultConfigurationName = Release;
		};
/* End XCConfigurationList section */
	};
	rootObject = 2ADF98A622C81A1700367145 /* Project object */;
}
