// !$*UTF8*$!
{
	archiveVersion = 1;
	classes = {
	};
	objectVersion = 50;
	objects = {

/* Begin PBXBuildFile section */
		2AF7AF0022BED753001ABEF1 /* taskdate.swift in Sources */ = {isa = PBXBuildFile; fileRef = 2AF7AEFF22BED753001ABEF1 /* taskdate.swift */; };
		8DFE885122BEE2A600EABE6F /* AppDelegate.swift in Sources */ = {isa = PBXBuildFile; fileRef = 8DFE885022BEE2A600EABE6F /* AppDelegate.swift */; };
		8DFE885322BEE2A600EABE6F /* RootViewController.swift in Sources */ = {isa = PBXBuildFile; fileRef = 8DFE885222BEE2A600EABE6F /* RootViewController.swift */; };
		8DFE885522BEE2A600EABE6F /* DataViewController.swift in Sources */ = {isa = PBXBuildFile; fileRef = 8DFE885422BEE2A600EABE6F /* DataViewController.swift */; };
		8DFE885722BEE2A600EABE6F /* ModelController.swift in Sources */ = {isa = PBXBuildFile; fileRef = 8DFE885622BEE2A600EABE6F /* ModelController.swift */; };
		8DFE885A22BEE2A600EABE6F /* Main.storyboard in Resources */ = {isa = PBXBuildFile; fileRef = 8DFE885822BEE2A600EABE6F /* Main.storyboard */; };
		8DFE885C22BEE2A800EABE6F /* Assets.xcassets in Resources */ = {isa = PBXBuildFile; fileRef = 8DFE885B22BEE2A800EABE6F /* Assets.xcassets */; };
		8DFE885F22BEE2A800EABE6F /* LaunchScreen.storyboard in Resources */ = {isa = PBXBuildFile; fileRef = 8DFE885D22BEE2A800EABE6F /* LaunchScreen.storyboard */; };
		8DFE886A22BEE2A800EABE6F /* taskdateappTests.swift in Sources */ = {isa = PBXBuildFile; fileRef = 8DFE886922BEE2A800EABE6F /* taskdateappTests.swift */; };
		8DFE887522BEE2A800EABE6F /* taskdateappUITests.swift in Sources */ = {isa = PBXBuildFile; fileRef = 8DFE887422BEE2A800EABE6F /* taskdateappUITests.swift */; };
/* End PBXBuildFile section */

/* Begin PBXContainerItemProxy section */
		8DFE886622BEE2A800EABE6F /* PBXContainerItemProxy */ = {
			isa = PBXContainerItemProxy;
			containerPortal = 2AF7AEF422BED753001ABEF1 /* Project object */;
			proxyType = 1;
			remoteGlobalIDString = 8DFE884D22BEE2A600EABE6F;
			remoteInfo = taskdateapp;
		};
		8DFE887122BEE2A800EABE6F /* PBXContainerItemProxy */ = {
			isa = PBXContainerItemProxy;
			containerPortal = 2AF7AEF422BED753001ABEF1 /* Project object */;
			proxyType = 1;
			remoteGlobalIDString = 8DFE884D22BEE2A600EABE6F;
			remoteInfo = taskdateapp;
		};
/* End PBXContainerItemProxy section */

/* Begin PBXCopyFilesBuildPhase section */
		2AF7AEFA22BED753001ABEF1 /* CopyFiles */ = {
			isa = PBXCopyFilesBuildPhase;
			buildActionMask = 2147483647;
			dstPath = "include/$(PRODUCT_NAME)";
			dstSubfolderSpec = 16;
			files = (
			);
			runOnlyForDeploymentPostprocessing = 0;
		};
/* End PBXCopyFilesBuildPhase section */

/* Begin PBXFileReference section */
		2AF7AEFC22BED753001ABEF1 /* libtaskdate.a */ = {isa = PBXFileReference; explicitFileType = archive.ar; includeInIndex = 0; path = libtaskdate.a; sourceTree = BUILT_PRODUCTS_DIR; };
		2AF7AEFF22BED753001ABEF1 /* taskdate.swift */ = {isa = PBXFileReference; lastKnownFileType = sourcecode.swift; path = taskdate.swift; sourceTree = "<group>"; };
		8DFE884E22BEE2A600EABE6F /* taskdateapp.app */ = {isa = PBXFileReference; explicitFileType = wrapper.application; includeInIndex = 0; path = taskdateapp.app; sourceTree = BUILT_PRODUCTS_DIR; };
		8DFE885022BEE2A600EABE6F /* AppDelegate.swift */ = {isa = PBXFileReference; lastKnownFileType = sourcecode.swift; path = AppDelegate.swift; sourceTree = "<group>"; };
		8DFE885222BEE2A600EABE6F /* RootViewController.swift */ = {isa = PBXFileReference; lastKnownFileType = sourcecode.swift; path = RootViewController.swift; sourceTree = "<group>"; };
		8DFE885422BEE2A600EABE6F /* DataViewController.swift */ = {isa = PBXFileReference; lastKnownFileType = sourcecode.swift; path = DataViewController.swift; sourceTree = "<group>"; };
		8DFE885622BEE2A600EABE6F /* ModelController.swift */ = {isa = PBXFileReference; lastKnownFileType = sourcecode.swift; path = ModelController.swift; sourceTree = "<group>"; };
		8DFE885922BEE2A600EABE6F /* Base */ = {isa = PBXFileReference; lastKnownFileType = file.storyboard; name = Base; path = Base.lproj/Main.storyboard; sourceTree = "<group>"; };
		8DFE885B22BEE2A800EABE6F /* Assets.xcassets */ = {isa = PBXFileReference; lastKnownFileType = folder.assetcatalog; path = Assets.xcassets; sourceTree = "<group>"; };
		8DFE885E22BEE2A800EABE6F /* Base */ = {isa = PBXFileReference; lastKnownFileType = file.storyboard; name = Base; path = Base.lproj/LaunchScreen.storyboard; sourceTree = "<group>"; };
		8DFE886022BEE2A800EABE6F /* Info.plist */ = {isa = PBXFileReference; lastKnownFileType = text.plist.xml; path = Info.plist; sourceTree = "<group>"; };
		8DFE886522BEE2A800EABE6F /* taskdateappTests.xctest */ = {isa = PBXFileReference; explicitFileType = wrapper.cfbundle; includeInIndex = 0; path = taskdateappTests.xctest; sourceTree = BUILT_PRODUCTS_DIR; };
		8DFE886922BEE2A800EABE6F /* taskdateappTests.swift */ = {isa = PBXFileReference; lastKnownFileType = sourcecode.swift; path = taskdateappTests.swift; sourceTree = "<group>"; };
		8DFE886B22BEE2A800EABE6F /* Info.plist */ = {isa = PBXFileReference; lastKnownFileType = text.plist.xml; path = Info.plist; sourceTree = "<group>"; };
		8DFE887022BEE2A800EABE6F /* taskdateappUITests.xctest */ = {isa = PBXFileReference; explicitFileType = wrapper.cfbundle; includeInIndex = 0; path = taskdateappUITests.xctest; sourceTree = BUILT_PRODUCTS_DIR; };
		8DFE887422BEE2A800EABE6F /* taskdateappUITests.swift */ = {isa = PBXFileReference; lastKnownFileType = sourcecode.swift; path = taskdateappUITests.swift; sourceTree = "<group>"; };
		8DFE887622BEE2A800EABE6F /* Info.plist */ = {isa = PBXFileReference; lastKnownFileType = text.plist.xml; path = Info.plist; sourceTree = "<group>"; };
/* End PBXFileReference section */

/* Begin PBXFrameworksBuildPhase section */
		2AF7AEF922BED753001ABEF1 /* Frameworks */ = {
			isa = PBXFrameworksBuildPhase;
			buildActionMask = 2147483647;
			files = (
			);
			runOnlyForDeploymentPostprocessing = 0;
		};
		8DFE884B22BEE2A600EABE6F /* Frameworks */ = {
			isa = PBXFrameworksBuildPhase;
			buildActionMask = 2147483647;
			files = (
			);
			runOnlyForDeploymentPostprocessing = 0;
		};
		8DFE886222BEE2A800EABE6F /* Frameworks */ = {
			isa = PBXFrameworksBuildPhase;
			buildActionMask = 2147483647;
			files = (
			);
			runOnlyForDeploymentPostprocessing = 0;
		};
		8DFE886D22BEE2A800EABE6F /* Frameworks */ = {
			isa = PBXFrameworksBuildPhase;
			buildActionMask = 2147483647;
			files = (
			);
			runOnlyForDeploymentPostprocessing = 0;
		};
/* End PBXFrameworksBuildPhase section */

/* Begin PBXGroup section */
		2AF7AEF322BED753001ABEF1 = {
			isa = PBXGroup;
			children = (
				2AF7AEFE22BED753001ABEF1 /* taskdate */,
				8DFE884F22BEE2A600EABE6F /* taskdateapp */,
				8DFE886822BEE2A800EABE6F /* taskdateappTests */,
				8DFE887322BEE2A800EABE6F /* taskdateappUITests */,
				2AF7AEFD22BED753001ABEF1 /* Products */,
			);
			sourceTree = "<group>";
		};
		2AF7AEFD22BED753001ABEF1 /* Products */ = {
			isa = PBXGroup;
			children = (
				2AF7AEFC22BED753001ABEF1 /* libtaskdate.a */,
				8DFE884E22BEE2A600EABE6F /* taskdateapp.app */,
				8DFE886522BEE2A800EABE6F /* taskdateappTests.xctest */,
				8DFE887022BEE2A800EABE6F /* taskdateappUITests.xctest */,
			);
			name = Products;
			sourceTree = "<group>";
		};
		2AF7AEFE22BED753001ABEF1 /* taskdate */ = {
			isa = PBXGroup;
			children = (
				2AF7AEFF22BED753001ABEF1 /* taskdate.swift */,
			);
			path = taskdate;
			sourceTree = "<group>";
		};
		8DFE884F22BEE2A600EABE6F /* taskdateapp */ = {
			isa = PBXGroup;
			children = (
				8DFE885022BEE2A600EABE6F /* AppDelegate.swift */,
				8DFE885222BEE2A600EABE6F /* RootViewController.swift */,
				8DFE885422BEE2A600EABE6F /* DataViewController.swift */,
				8DFE885622BEE2A600EABE6F /* ModelController.swift */,
				8DFE885822BEE2A600EABE6F /* Main.storyboard */,
				8DFE885B22BEE2A800EABE6F /* Assets.xcassets */,
				8DFE885D22BEE2A800EABE6F /* LaunchScreen.storyboard */,
				8DFE886022BEE2A800EABE6F /* Info.plist */,
			);
			path = taskdateapp;
			sourceTree = "<group>";
		};
		8DFE886822BEE2A800EABE6F /* taskdateappTests */ = {
			isa = PBXGroup;
			children = (
				8DFE886922BEE2A800EABE6F /* taskdateappTests.swift */,
				8DFE886B22BEE2A800EABE6F /* Info.plist */,
			);
			path = taskdateappTests;
			sourceTree = "<group>";
		};
		8DFE887322BEE2A800EABE6F /* taskdateappUITests */ = {
			isa = PBXGroup;
			children = (
				8DFE887422BEE2A800EABE6F /* taskdateappUITests.swift */,
				8DFE887622BEE2A800EABE6F /* Info.plist */,
			);
			path = taskdateappUITests;
			sourceTree = "<group>";
		};
/* End PBXGroup section */

/* Begin PBXNativeTarget section */
		2AF7AEFB22BED753001ABEF1 /* taskdate */ = {
			isa = PBXNativeTarget;
			buildConfigurationList = 2AF7AF0322BED753001ABEF1 /* Build configuration list for PBXNativeTarget "taskdate" */;
			buildPhases = (
				2AF7AEF822BED753001ABEF1 /* Sources */,
				2AF7AEF922BED753001ABEF1 /* Frameworks */,
				2AF7AEFA22BED753001ABEF1 /* CopyFiles */,
			);
			buildRules = (
			);
			dependencies = (
			);
			name = taskdate;
			productName = taskdate;
			productReference = 2AF7AEFC22BED753001ABEF1 /* libtaskdate.a */;
			productType = "com.apple.product-type.library.static";
		};
		8DFE884D22BEE2A600EABE6F /* taskdateapp */ = {
			isa = PBXNativeTarget;
			buildConfigurationList = 8DFE887D22BEE2A800EABE6F /* Build configuration list for PBXNativeTarget "taskdateapp" */;
			buildPhases = (
				8DFE884A22BEE2A600EABE6F /* Sources */,
				8DFE884B22BEE2A600EABE6F /* Frameworks */,
				8DFE884C22BEE2A600EABE6F /* Resources */,
			);
			buildRules = (
			);
			dependencies = (
			);
			name = taskdateapp;
			productName = taskdateapp;
			productReference = 8DFE884E22BEE2A600EABE6F /* taskdateapp.app */;
			productType = "com.apple.product-type.application";
		};
		8DFE886422BEE2A800EABE6F /* taskdateappTests */ = {
			isa = PBXNativeTarget;
			buildConfigurationList = 8DFE887E22BEE2A800EABE6F /* Build configuration list for PBXNativeTarget "taskdateappTests" */;
			buildPhases = (
				8DFE886122BEE2A800EABE6F /* Sources */,
				8DFE886222BEE2A800EABE6F /* Frameworks */,
				8DFE886322BEE2A800EABE6F /* Resources */,
			);
			buildRules = (
			);
			dependencies = (
				8DFE886722BEE2A800EABE6F /* PBXTargetDependency */,
			);
			name = taskdateappTests;
			productName = taskdateappTests;
			productReference = 8DFE886522BEE2A800EABE6F /* taskdateappTests.xctest */;
			productType = "com.apple.product-type.bundle.unit-test";
		};
		8DFE886F22BEE2A800EABE6F /* taskdateappUITests */ = {
			isa = PBXNativeTarget;
			buildConfigurationList = 8DFE887F22BEE2A800EABE6F /* Build configuration list for PBXNativeTarget "taskdateappUITests" */;
			buildPhases = (
				8DFE886C22BEE2A800EABE6F /* Sources */,
				8DFE886D22BEE2A800EABE6F /* Frameworks */,
				8DFE886E22BEE2A800EABE6F /* Resources */,
			);
			buildRules = (
			);
			dependencies = (
				8DFE887222BEE2A800EABE6F /* PBXTargetDependency */,
			);
			name = taskdateappUITests;
			productName = taskdateappUITests;
			productReference = 8DFE887022BEE2A800EABE6F /* taskdateappUITests.xctest */;
			productType = "com.apple.product-type.bundle.ui-testing";
		};
/* End PBXNativeTarget section */

/* Begin PBXProject section */
		2AF7AEF422BED753001ABEF1 /* Project object */ = {
			isa = PBXProject;
			attributes = {
				LastSwiftUpdateCheck = 1020;
				LastUpgradeCheck = 1020;
				ORGANIZATIONNAME = PLLL;
				TargetAttributes = {
					2AF7AEFB22BED753001ABEF1 = {
						CreatedOnToolsVersion = 10.2.1;
					};
					8DFE884D22BEE2A600EABE6F = {
						CreatedOnToolsVersion = 10.2.1;
					};
					8DFE886422BEE2A800EABE6F = {
						CreatedOnToolsVersion = 10.2.1;
						TestTargetID = 8DFE884D22BEE2A600EABE6F;
					};
					8DFE886F22BEE2A800EABE6F = {
						CreatedOnToolsVersion = 10.2.1;
						TestTargetID = 8DFE884D22BEE2A600EABE6F;
					};
				};
			};
			buildConfigurationList = 2AF7AEF722BED753001ABEF1 /* Build configuration list for PBXProject "taskdate" */;
			compatibilityVersion = "Xcode 9.3";
			developmentRegion = en;
			hasScannedForEncodings = 0;
			knownRegions = (
				en,
				Base,
			);
			mainGroup = 2AF7AEF322BED753001ABEF1;
			productRefGroup = 2AF7AEFD22BED753001ABEF1 /* Products */;
			projectDirPath = "";
			projectRoot = "";
			targets = (
				2AF7AEFB22BED753001ABEF1 /* taskdate */,
				8DFE884D22BEE2A600EABE6F /* taskdateapp */,
				8DFE886422BEE2A800EABE6F /* taskdateappTests */,
				8DFE886F22BEE2A800EABE6F /* taskdateappUITests */,
			);
		};
/* End PBXProject section */

/* Begin PBXResourcesBuildPhase section */
		8DFE884C22BEE2A600EABE6F /* Resources */ = {
			isa = PBXResourcesBuildPhase;
			buildActionMask = 2147483647;
			files = (
				8DFE885F22BEE2A800EABE6F /* LaunchScreen.storyboard in Resources */,
				8DFE885C22BEE2A800EABE6F /* Assets.xcassets in Resources */,
				8DFE885A22BEE2A600EABE6F /* Main.storyboard in Resources */,
			);
			runOnlyForDeploymentPostprocessing = 0;
		};
		8DFE886322BEE2A800EABE6F /* Resources */ = {
			isa = PBXResourcesBuildPhase;
			buildActionMask = 2147483647;
			files = (
			);
			runOnlyForDeploymentPostprocessing = 0;
		};
		8DFE886E22BEE2A800EABE6F /* Resources */ = {
			isa = PBXResourcesBuildPhase;
			buildActionMask = 2147483647;
			files = (
			);
			runOnlyForDeploymentPostprocessing = 0;
		};
/* End PBXResourcesBuildPhase section */

/* Begin PBXSourcesBuildPhase section */
		2AF7AEF822BED753001ABEF1 /* Sources */ = {
			isa = PBXSourcesBuildPhase;
			buildActionMask = 2147483647;
			files = (
				2AF7AF0022BED753001ABEF1 /* taskdate.swift in Sources */,
			);
			runOnlyForDeploymentPostprocessing = 0;
		};
		8DFE884A22BEE2A600EABE6F /* Sources */ = {
			isa = PBXSourcesBuildPhase;
			buildActionMask = 2147483647;
			files = (
				8DFE885322BEE2A600EABE6F /* RootViewController.swift in Sources */,
				8DFE885722BEE2A600EABE6F /* ModelController.swift in Sources */,
				8DFE885522BEE2A600EABE6F /* DataViewController.swift in Sources */,
				8DFE885122BEE2A600EABE6F /* AppDelegate.swift in Sources */,
			);
			runOnlyForDeploymentPostprocessing = 0;
		};
		8DFE886122BEE2A800EABE6F /* Sources */ = {
			isa = PBXSourcesBuildPhase;
			buildActionMask = 2147483647;
			files = (
				8DFE886A22BEE2A800EABE6F /* taskdateappTests.swift in Sources */,
			);
			runOnlyForDeploymentPostprocessing = 0;
		};
		8DFE886C22BEE2A800EABE6F /* Sources */ = {
			isa = PBXSourcesBuildPhase;
			buildActionMask = 2147483647;
			files = (
				8DFE887522BEE2A800EABE6F /* taskdateappUITests.swift in Sources */,
			);
			runOnlyForDeploymentPostprocessing = 0;
		};
/* End PBXSourcesBuildPhase section */

/* Begin PBXTargetDependency section */
		8DFE886722BEE2A800EABE6F /* PBXTargetDependency */ = {
			isa = PBXTargetDependency;
			target = 8DFE884D22BEE2A600EABE6F /* taskdateapp */;
			targetProxy = 8DFE886622BEE2A800EABE6F /* PBXContainerItemProxy */;
		};
		8DFE887222BEE2A800EABE6F /* PBXTargetDependency */ = {
			isa = PBXTargetDependency;
			target = 8DFE884D22BEE2A600EABE6F /* taskdateapp */;
			targetProxy = 8DFE887122BEE2A800EABE6F /* PBXContainerItemProxy */;
		};
/* End PBXTargetDependency section */

/* Begin PBXVariantGroup section */
		8DFE885822BEE2A600EABE6F /* Main.storyboard */ = {
			isa = PBXVariantGroup;
			children = (
				8DFE885922BEE2A600EABE6F /* Base */,
			);
			name = Main.storyboard;
			sourceTree = "<group>";
		};
		8DFE885D22BEE2A800EABE6F /* LaunchScreen.storyboard */ = {
			isa = PBXVariantGroup;
			children = (
				8DFE885E22BEE2A800EABE6F /* Base */,
			);
			name = LaunchScreen.storyboard;
			sourceTree = "<group>";
		};
/* End PBXVariantGroup section */

/* Begin XCBuildConfiguration section */
		2AF7AF0122BED753001ABEF1 /* Debug */ = {
			isa = XCBuildConfiguration;
			buildSettings = {
				ALWAYS_SEARCH_USER_PATHS = NO;
				CLANG_ANALYZER_NONNULL = YES;
				CLANG_ANALYZER_NUMBER_OBJECT_CONVERSION = YES_AGGRESSIVE;
				CLANG_CXX_LANGUAGE_STANDARD = "gnu++14";
				CLANG_CXX_LIBRARY = "libc++";
				CLANG_ENABLE_MODULES = YES;
				CLANG_ENABLE_OBJC_ARC = YES;
				CLANG_ENABLE_OBJC_WEAK = YES;
				CLANG_WARN_BLOCK_CAPTURE_AUTORELEASING = YES;
				CLANG_WARN_BOOL_CONVERSION = YES;
				CLANG_WARN_COMMA = YES;
				CLANG_WARN_CONSTANT_CONVERSION = YES;
				CLANG_WARN_DEPRECATED_OBJC_IMPLEMENTATIONS = YES;
				CLANG_WARN_DIRECT_OBJC_ISA_USAGE = YES_ERROR;
				CLANG_WARN_DOCUMENTATION_COMMENTS = YES;
				CLANG_WARN_EMPTY_BODY = YES;
				CLANG_WARN_ENUM_CONVERSION = YES;
				CLANG_WARN_INFINITE_RECURSION = YES;
				CLANG_WARN_INT_CONVERSION = YES;
				CLANG_WARN_NON_LITERAL_NULL_CONVERSION = YES;
				CLANG_WARN_OBJC_IMPLICIT_RETAIN_SELF = YES;
				CLANG_WARN_OBJC_LITERAL_CONVERSION = YES;
				CLANG_WARN_OBJC_ROOT_CLASS = YES_ERROR;
				CLANG_WARN_RANGE_LOOP_ANALYSIS = YES;
				CLANG_WARN_STRICT_PROTOTYPES = YES;
				CLANG_WARN_SUSPICIOUS_MOVE = YES;
				CLANG_WARN_UNGUARDED_AVAILABILITY = YES_AGGRESSIVE;
				CLANG_WARN_UNREACHABLE_CODE = YES;
				CLANG_WARN__DUPLICATE_METHOD_MATCH = YES;
				CODE_SIGN_IDENTITY = "iPhone Developer";
				COPY_PHASE_STRIP = NO;
				DEBUG_INFORMATION_FORMAT = dwarf;
				ENABLE_STRICT_OBJC_MSGSEND = YES;
				ENABLE_TESTABILITY = YES;
				GCC_C_LANGUAGE_STANDARD = gnu11;
				GCC_DYNAMIC_NO_PIC = NO;
				GCC_NO_COMMON_BLOCKS = YES;
				GCC_OPTIMIZATION_LEVEL = 0;
				GCC_PREPROCESSOR_DEFINITIONS = (
					"DEBUG=1",
					"$(inherited)",
				);
				GCC_WARN_64_TO_32_BIT_CONVERSION = YES;
				GCC_WARN_ABOUT_RETURN_TYPE = YES_ERROR;
				GCC_WARN_UNDECLARED_SELECTOR = YES;
				GCC_WARN_UNINITIALIZED_AUTOS = YES_AGGRESSIVE;
				GCC_WARN_UNUSED_FUNCTION = YES;
				GCC_WARN_UNUSED_VARIABLE = YES;
				IPHONEOS_DEPLOYMENT_TARGET = 12.2;
				MTL_ENABLE_DEBUG_INFO = INCLUDE_SOURCE;
				MTL_FAST_MATH = YES;
				ONLY_ACTIVE_ARCH = YES;
				SDKROOT = iphoneos;
				SWIFT_ACTIVE_COMPILATION_CONDITIONS = DEBUG;
				SWIFT_OPTIMIZATION_LEVEL = "-Onone";
			};
			name = Debug;
		};
		2AF7AF0222BED753001ABEF1 /* Release */ = {
			isa = XCBuildConfiguration;
			buildSettings = {
				ALWAYS_SEARCH_USER_PATHS = NO;
				CLANG_ANALYZER_NONNULL = YES;
				CLANG_ANALYZER_NUMBER_OBJECT_CONVERSION = YES_AGGRESSIVE;
				CLANG_CXX_LANGUAGE_STANDARD = "gnu++14";
				CLANG_CXX_LIBRARY = "libc++";
				CLANG_ENABLE_MODULES = YES;
				CLANG_ENABLE_OBJC_ARC = YES;
				CLANG_ENABLE_OBJC_WEAK = YES;
				CLANG_WARN_BLOCK_CAPTURE_AUTORELEASING = YES;
				CLANG_WARN_BOOL_CONVERSION = YES;
				CLANG_WARN_COMMA = YES;
				CLANG_WARN_CONSTANT_CONVERSION = YES;
				CLANG_WARN_DEPRECATED_OBJC_IMPLEMENTATIONS = YES;
				CLANG_WARN_DIRECT_OBJC_ISA_USAGE = YES_ERROR;
				CLANG_WARN_DOCUMENTATION_COMMENTS = YES;
				CLANG_WARN_EMPTY_BODY = YES;
				CLANG_WARN_ENUM_CONVERSION = YES;
				CLANG_WARN_INFINITE_RECURSION = YES;
				CLANG_WARN_INT_CONVERSION = YES;
				CLANG_WARN_NON_LITERAL_NULL_CONVERSION = YES;
				CLANG_WARN_OBJC_IMPLICIT_RETAIN_SELF = YES;
				CLANG_WARN_OBJC_LITERAL_CONVERSION = YES;
				CLANG_WARN_OBJC_ROOT_CLASS = YES_ERROR;
				CLANG_WARN_RANGE_LOOP_ANALYSIS = YES;
				CLANG_WARN_STRICT_PROTOTYPES = YES;
				CLANG_WARN_SUSPICIOUS_MOVE = YES;
				CLANG_WARN_UNGUARDED_AVAILABILITY = YES_AGGRESSIVE;
				CLANG_WARN_UNREACHABLE_CODE = YES;
				CLANG_WARN__DUPLICATE_METHOD_MATCH = YES;
				CODE_SIGN_IDENTITY = "iPhone Developer";
				COPY_PHASE_STRIP = NO;
				DEBUG_INFORMATION_FORMAT = "dwarf-with-dsym";
				ENABLE_NS_ASSERTIONS = NO;
				ENABLE_STRICT_OBJC_MSGSEND = YES;
				GCC_C_LANGUAGE_STANDARD = gnu11;
				GCC_NO_COMMON_BLOCKS = YES;
				GCC_WARN_64_TO_32_BIT_CONVERSION = YES;
				GCC_WARN_ABOUT_RETURN_TYPE = YES_ERROR;
				GCC_WARN_UNDECLARED_SELECTOR = YES;
				GCC_WARN_UNINITIALIZED_AUTOS = YES_AGGRESSIVE;
				GCC_WARN_UNUSED_FUNCTION = YES;
				GCC_WARN_UNUSED_VARIABLE = YES;
				IPHONEOS_DEPLOYMENT_TARGET = 12.2;
				MTL_ENABLE_DEBUG_INFO = NO;
				MTL_FAST_MATH = YES;
				SDKROOT = iphoneos;
				SWIFT_COMPILATION_MODE = wholemodule;
				SWIFT_OPTIMIZATION_LEVEL = "-O";
				VALIDATE_PRODUCT = YES;
			};
			name = Release;
		};
		2AF7AF0422BED753001ABEF1 /* Debug */ = {
			isa = XCBuildConfiguration;
			buildSettings = {
				CODE_SIGN_STYLE = Automatic;
				OTHER_LDFLAGS = "-ObjC";
				PRODUCT_NAME = "$(TARGET_NAME)";
				SKIP_INSTALL = YES;
				SWIFT_VERSION = 5.0;
				TARGETED_DEVICE_FAMILY = "1,2";
			};
			name = Debug;
		};
		2AF7AF0522BED753001ABEF1 /* Release */ = {
			isa = XCBuildConfiguration;
			buildSettings = {
				CODE_SIGN_STYLE = Automatic;
				OTHER_LDFLAGS = "-ObjC";
				PRODUCT_NAME = "$(TARGET_NAME)";
				SKIP_INSTALL = YES;
				SWIFT_VERSION = 5.0;
				TARGETED_DEVICE_FAMILY = "1,2";
			};
			name = Release;
		};
		8DFE887722BEE2A800EABE6F /* Debug */ = {
			isa = XCBuildConfiguration;
			buildSettings = {
				ASSETCATALOG_COMPILER_APPICON_NAME = AppIcon;
				CODE_SIGN_STYLE = Automatic;
				INFOPLIST_FILE = taskdateapp/Info.plist;
				LD_RUNPATH_SEARCH_PATHS = (
					"$(inherited)",
					"@executable_path/Frameworks",
				);
				PRODUCT_BUNDLE_IDENTIFIER = PLLL.taskdateapp;
				PRODUCT_NAME = "$(TARGET_NAME)";
				SWIFT_VERSION = 5.0;
				TARGETED_DEVICE_FAMILY = "1,2";
			};
			name = Debug;
		};
		8DFE887822BEE2A800EABE6F /* Release */ = {
			isa = XCBuildConfiguration;
			buildSettings = {
				ASSETCATALOG_COMPILER_APPICON_NAME = AppIcon;
				CODE_SIGN_STYLE = Automatic;
				INFOPLIST_FILE = taskdateapp/Info.plist;
				LD_RUNPATH_SEARCH_PATHS = (
					"$(inherited)",
					"@executable_path/Frameworks",
				);
				PRODUCT_BUNDLE_IDENTIFIER = PLLL.taskdateapp;
				PRODUCT_NAME = "$(TARGET_NAME)";
				SWIFT_VERSION = 5.0;
				TARGETED_DEVICE_FAMILY = "1,2";
			};
			name = Release;
		};
		8DFE887922BEE2A800EABE6F /* Debug */ = {
			isa = XCBuildConfiguration;
			buildSettings = {
				ALWAYS_EMBED_SWIFT_STANDARD_LIBRARIES = YES;
				BUNDLE_LOADER = "$(TEST_HOST)";
				CODE_SIGN_STYLE = Automatic;
				INFOPLIST_FILE = taskdateappTests/Info.plist;
				LD_RUNPATH_SEARCH_PATHS = (
					"$(inherited)",
					"@executable_path/Frameworks",
					"@loader_path/Frameworks",
				);
				PRODUCT_BUNDLE_IDENTIFIER = PLLL.taskdateappTests;
				PRODUCT_NAME = "$(TARGET_NAME)";
				SWIFT_VERSION = 5.0;
				TARGETED_DEVICE_FAMILY = "1,2";
				TEST_HOST = "$(BUILT_PRODUCTS_DIR)/taskdateapp.app/taskdateapp";
			};
			name = Debug;
		};
		8DFE887A22BEE2A800EABE6F /* Release */ = {
			isa = XCBuildConfiguration;
			buildSettings = {
				ALWAYS_EMBED_SWIFT_STANDARD_LIBRARIES = YES;
				BUNDLE_LOADER = "$(TEST_HOST)";
				CODE_SIGN_STYLE = Automatic;
				INFOPLIST_FILE = taskdateappTests/Info.plist;
				LD_RUNPATH_SEARCH_PATHS = (
					"$(inherited)",
					"@executable_path/Frameworks",
					"@loader_path/Frameworks",
				);
				PRODUCT_BUNDLE_IDENTIFIER = PLLL.taskdateappTests;
				PRODUCT_NAME = "$(TARGET_NAME)";
				SWIFT_VERSION = 5.0;
				TARGETED_DEVICE_FAMILY = "1,2";
				TEST_HOST = "$(BUILT_PRODUCTS_DIR)/taskdateapp.app/taskdateapp";
			};
			name = Release;
		};
		8DFE887B22BEE2A800EABE6F /* Debug */ = {
			isa = XCBuildConfiguration;
			buildSettings = {
				ALWAYS_EMBED_SWIFT_STANDARD_LIBRARIES = YES;
				CODE_SIGN_STYLE = Automatic;
				INFOPLIST_FILE = taskdateappUITests/Info.plist;
				LD_RUNPATH_SEARCH_PATHS = (
					"$(inherited)",
					"@executable_path/Frameworks",
					"@loader_path/Frameworks",
				);
				PRODUCT_BUNDLE_IDENTIFIER = PLLL.taskdateappUITests;
				PRODUCT_NAME = "$(TARGET_NAME)";
				SWIFT_VERSION = 5.0;
				TARGETED_DEVICE_FAMILY = "1,2";
				TEST_TARGET_NAME = taskdateapp;
			};
			name = Debug;
		};
		8DFE887C22BEE2A800EABE6F /* Release */ = {
			isa = XCBuildConfiguration;
			buildSettings = {
				ALWAYS_EMBED_SWIFT_STANDARD_LIBRARIES = YES;
				CODE_SIGN_STYLE = Automatic;
				INFOPLIST_FILE = taskdateappUITests/Info.plist;
				LD_RUNPATH_SEARCH_PATHS = (
					"$(inherited)",
					"@executable_path/Frameworks",
					"@loader_path/Frameworks",
				);
				PRODUCT_BUNDLE_IDENTIFIER = PLLL.taskdateappUITests;
				PRODUCT_NAME = "$(TARGET_NAME)";
				SWIFT_VERSION = 5.0;
				TARGETED_DEVICE_FAMILY = "1,2";
				TEST_TARGET_NAME = taskdateapp;
			};
			name = Release;
		};
/* End XCBuildConfiguration section */

/* Begin XCConfigurationList section */
		2AF7AEF722BED753001ABEF1 /* Build configuration list for PBXProject "taskdate" */ = {
			isa = XCConfigurationList;
			buildConfigurations = (
				2AF7AF0122BED753001ABEF1 /* Debug */,
				2AF7AF0222BED753001ABEF1 /* Release */,
			);
			defaultConfigurationIsVisible = 0;
			defaultConfigurationName = Release;
		};
		2AF7AF0322BED753001ABEF1 /* Build configuration list for PBXNativeTarget "taskdate" */ = {
			isa = XCConfigurationList;
			buildConfigurations = (
				2AF7AF0422BED753001ABEF1 /* Debug */,
				2AF7AF0522BED753001ABEF1 /* Release */,
			);
			defaultConfigurationIsVisible = 0;
			defaultConfigurationName = Release;
		};
		8DFE887D22BEE2A800EABE6F /* Build configuration list for PBXNativeTarget "taskdateapp" */ = {
			isa = XCConfigurationList;
			buildConfigurations = (
				8DFE887722BEE2A800EABE6F /* Debug */,
				8DFE887822BEE2A800EABE6F /* Release */,
			);
			defaultConfigurationIsVisible = 0;
			defaultConfigurationName = Release;
		};
		8DFE887E22BEE2A800EABE6F /* Build configuration list for PBXNativeTarget "taskdateappTests" */ = {
			isa = XCConfigurationList;
			buildConfigurations = (
				8DFE887922BEE2A800EABE6F /* Debug */,
				8DFE887A22BEE2A800EABE6F /* Release */,
			);
			defaultConfigurationIsVisible = 0;
			defaultConfigurationName = Release;
		};
		8DFE887F22BEE2A800EABE6F /* Build configuration list for PBXNativeTarget "taskdateappUITests" */ = {
			isa = XCConfigurationList;
			buildConfigurations = (
				8DFE887B22BEE2A800EABE6F /* Debug */,
				8DFE887C22BEE2A800EABE6F /* Release */,
			);
			defaultConfigurationIsVisible = 0;
			defaultConfigurationName = Release;
		};
/* End XCConfigurationList section */
	};
	rootObject = 2AF7AEF422BED753001ABEF1 /* Project object */;
}
