// !$*UTF8*$!
{
	archiveVersion = 1;
	classes = {
	};
	objectVersion = 48;
	objects = {

/* Begin PBXBuildFile section */
		8D7302A922A4792C00DD5795 /* AppDelegate.swift in Sources */ = {isa = PBXBuildFile; fileRef = 8D7302A822A4792C00DD5795 /* AppDelegate.swift */; };
		8D7302AB22A4792C00DD5795 /* ViewController.swift in Sources */ = {isa = PBXBuildFile; fileRef = 8D7302AA22A4792C00DD5795 /* ViewController.swift */; };
		8D7302AD22A4792C00DD5795 /* Assets.xcassets in Resources */ = {isa = PBXBuildFile; fileRef = 8D7302AC22A4792C00DD5795 /* Assets.xcassets */; };
		8D7302B022A4792C00DD5795 /* Main.storyboard in Resources */ = {isa = PBXBuildFile; fileRef = 8D7302AE22A4792C00DD5795 /* Main.storyboard */; };
		8D7302BC22A4792C00DD5795 /* taskdateTests.swift in Sources */ = {isa = PBXBuildFile; fileRef = 8D7302BB22A4792C00DD5795 /* taskdateTests.swift */; };
		8D7302C722A4792C00DD5795 /* taskdateUITests.swift in Sources */ = {isa = PBXBuildFile; fileRef = 8D7302C622A4792C00DD5795 /* taskdateUITests.swift */; };
/* End PBXBuildFile section */

/* Begin PBXContainerItemProxy section */
		8D7302B822A4792C00DD5795 /* PBXContainerItemProxy */ = {
			isa = PBXContainerItemProxy;
			containerPortal = 8D73029D22A4792C00DD5795 /* Project object */;
			proxyType = 1;
			remoteGlobalIDString = 8D7302A422A4792C00DD5795;
			remoteInfo = taskdate;
		};
		8D7302C322A4792C00DD5795 /* PBXContainerItemProxy */ = {
			isa = PBXContainerItemProxy;
			containerPortal = 8D73029D22A4792C00DD5795 /* Project object */;
			proxyType = 1;
			remoteGlobalIDString = 8D7302A422A4792C00DD5795;
			remoteInfo = taskdate;
		};
/* End PBXContainerItemProxy section */

/* Begin PBXFileReference section */
		8D7302A522A4792C00DD5795 /* taskdate.app */ = {isa = PBXFileReference; explicitFileType = wrapper.application; includeInIndex = 0; path = taskdate.app; sourceTree = BUILT_PRODUCTS_DIR; };
		8D7302A822A4792C00DD5795 /* AppDelegate.swift */ = {isa = PBXFileReference; lastKnownFileType = sourcecode.swift; path = AppDelegate.swift; sourceTree = "<group>"; };
		8D7302AA22A4792C00DD5795 /* ViewController.swift */ = {isa = PBXFileReference; lastKnownFileType = sourcecode.swift; path = ViewController.swift; sourceTree = "<group>"; };
		8D7302AC22A4792C00DD5795 /* Assets.xcassets */ = {isa = PBXFileReference; lastKnownFileType = folder.assetcatalog; path = Assets.xcassets; sourceTree = "<group>"; };
		8D7302AF22A4792C00DD5795 /* Base */ = {isa = PBXFileReference; lastKnownFileType = file.storyboard; name = Base; path = Base.lproj/Main.storyboard; sourceTree = "<group>"; };
		8D7302B122A4792C00DD5795 /* Info.plist */ = {isa = PBXFileReference; lastKnownFileType = text.plist.xml; path = Info.plist; sourceTree = "<group>"; };
		8D7302B222A4792C00DD5795 /* taskdate.entitlements */ = {isa = PBXFileReference; lastKnownFileType = text.plist.entitlements; path = taskdate.entitlements; sourceTree = "<group>"; };
		8D7302B722A4792C00DD5795 /* taskdateTests.xctest */ = {isa = PBXFileReference; explicitFileType = wrapper.cfbundle; includeInIndex = 0; path = taskdateTests.xctest; sourceTree = BUILT_PRODUCTS_DIR; };
		8D7302BB22A4792C00DD5795 /* taskdateTests.swift */ = {isa = PBXFileReference; lastKnownFileType = sourcecode.swift; path = taskdateTests.swift; sourceTree = "<group>"; };
		8D7302BD22A4792C00DD5795 /* Info.plist */ = {isa = PBXFileReference; lastKnownFileType = text.plist.xml; path = Info.plist; sourceTree = "<group>"; };
		8D7302C222A4792C00DD5795 /* taskdateUITests.xctest */ = {isa = PBXFileReference; explicitFileType = wrapper.cfbundle; includeInIndex = 0; path = taskdateUITests.xctest; sourceTree = BUILT_PRODUCTS_DIR; };
		8D7302C622A4792C00DD5795 /* taskdateUITests.swift */ = {isa = PBXFileReference; lastKnownFileType = sourcecode.swift; path = taskdateUITests.swift; sourceTree = "<group>"; };
		8D7302C822A4792C00DD5795 /* Info.plist */ = {isa = PBXFileReference; lastKnownFileType = text.plist.xml; path = Info.plist; sourceTree = "<group>"; };
/* End PBXFileReference section */

/* Begin PBXFrameworksBuildPhase section */
		8D7302A222A4792C00DD5795 /* Frameworks */ = {
			isa = PBXFrameworksBuildPhase;
			buildActionMask = 2147483647;
			files = (
			);
			runOnlyForDeploymentPostprocessing = 0;
		};
		8D7302B422A4792C00DD5795 /* Frameworks */ = {
			isa = PBXFrameworksBuildPhase;
			buildActionMask = 2147483647;
			files = (
			);
			runOnlyForDeploymentPostprocessing = 0;
		};
		8D7302BF22A4792C00DD5795 /* Frameworks */ = {
			isa = PBXFrameworksBuildPhase;
			buildActionMask = 2147483647;
			files = (
			);
			runOnlyForDeploymentPostprocessing = 0;
		};
/* End PBXFrameworksBuildPhase section */

/* Begin PBXGroup section */
		8D73029C22A4792C00DD5795 = {
			isa = PBXGroup;
			children = (
				8D7302A722A4792C00DD5795 /* taskdate */,
				8D7302BA22A4792C00DD5795 /* taskdateTests */,
				8D7302C522A4792C00DD5795 /* taskdateUITests */,
				8D7302A622A4792C00DD5795 /* Products */,
			);
			sourceTree = "<group>";
		};
		8D7302A622A4792C00DD5795 /* Products */ = {
			isa = PBXGroup;
			children = (
				8D7302A522A4792C00DD5795 /* taskdate.app */,
				8D7302B722A4792C00DD5795 /* taskdateTests.xctest */,
				8D7302C222A4792C00DD5795 /* taskdateUITests.xctest */,
			);
			name = Products;
			sourceTree = "<group>";
		};
		8D7302A722A4792C00DD5795 /* taskdate */ = {
			isa = PBXGroup;
			children = (
				8D7302A822A4792C00DD5795 /* AppDelegate.swift */,
				8D7302AA22A4792C00DD5795 /* ViewController.swift */,
				8D7302AC22A4792C00DD5795 /* Assets.xcassets */,
				8D7302AE22A4792C00DD5795 /* Main.storyboard */,
				8D7302B122A4792C00DD5795 /* Info.plist */,
				8D7302B222A4792C00DD5795 /* taskdate.entitlements */,
			);
			path = taskdate;
			sourceTree = "<group>";
		};
		8D7302BA22A4792C00DD5795 /* taskdateTests */ = {
			isa = PBXGroup;
			children = (
				8D7302BB22A4792C00DD5795 /* taskdateTests.swift */,
				8D7302BD22A4792C00DD5795 /* Info.plist */,
			);
			path = taskdateTests;
			sourceTree = "<group>";
		};
		8D7302C522A4792C00DD5795 /* taskdateUITests */ = {
			isa = PBXGroup;
			children = (
				8D7302C622A4792C00DD5795 /* taskdateUITests.swift */,
				8D7302C822A4792C00DD5795 /* Info.plist */,
			);
			path = taskdateUITests;
			sourceTree = "<group>";
		};
/* End PBXGroup section */

/* Begin PBXNativeTarget section */
		8D7302A422A4792C00DD5795 /* taskdate */ = {
			isa = PBXNativeTarget;
			buildConfigurationList = 8D7302CB22A4792C00DD5795 /* Build configuration list for PBXNativeTarget "taskdate" */;
			buildPhases = (
				8D7302A122A4792C00DD5795 /* Sources */,
				8D7302A222A4792C00DD5795 /* Frameworks */,
				8D7302A322A4792C00DD5795 /* Resources */,
			);
			buildRules = (
			);
			dependencies = (
			);
			name = taskdate;
			productName = taskdate;
			productReference = 8D7302A522A4792C00DD5795 /* taskdate.app */;
			productType = "com.apple.product-type.application";
		};
		8D7302B622A4792C00DD5795 /* taskdateTests */ = {
			isa = PBXNativeTarget;
			buildConfigurationList = 8D7302CE22A4792C00DD5795 /* Build configuration list for PBXNativeTarget "taskdateTests" */;
			buildPhases = (
				8D7302B322A4792C00DD5795 /* Sources */,
				8D7302B422A4792C00DD5795 /* Frameworks */,
				8D7302B522A4792C00DD5795 /* Resources */,
			);
			buildRules = (
			);
			dependencies = (
				8D7302B922A4792C00DD5795 /* PBXTargetDependency */,
			);
			name = taskdateTests;
			productName = taskdateTests;
			productReference = 8D7302B722A4792C00DD5795 /* taskdateTests.xctest */;
			productType = "com.apple.product-type.bundle.unit-test";
		};
		8D7302C122A4792C00DD5795 /* taskdateUITests */ = {
			isa = PBXNativeTarget;
			buildConfigurationList = 8D7302D122A4792C00DD5795 /* Build configuration list for PBXNativeTarget "taskdateUITests" */;
			buildPhases = (
				8D7302BE22A4792C00DD5795 /* Sources */,
				8D7302BF22A4792C00DD5795 /* Frameworks */,
				8D7302C022A4792C00DD5795 /* Resources */,
			);
			buildRules = (
			);
			dependencies = (
				8D7302C422A4792C00DD5795 /* PBXTargetDependency */,
			);
			name = taskdateUITests;
			productName = taskdateUITests;
			productReference = 8D7302C222A4792C00DD5795 /* taskdateUITests.xctest */;
			productType = "com.apple.product-type.bundle.ui-testing";
		};
/* End PBXNativeTarget section */

/* Begin PBXProject section */
		8D73029D22A4792C00DD5795 /* Project object */ = {
			isa = PBXProject;
			attributes = {
				LastSwiftUpdateCheck = 0920;
				LastUpgradeCheck = 0920;
				ORGANIZATIONNAME = PLLL;
				TargetAttributes = {
					8D7302A422A4792C00DD5795 = {
						CreatedOnToolsVersion = 9.2;
						ProvisioningStyle = Automatic;
					};
					8D7302B622A4792C00DD5795 = {
						CreatedOnToolsVersion = 9.2;
						ProvisioningStyle = Automatic;
						TestTargetID = 8D7302A422A4792C00DD5795;
					};
					8D7302C122A4792C00DD5795 = {
						CreatedOnToolsVersion = 9.2;
						ProvisioningStyle = Automatic;
						TestTargetID = 8D7302A422A4792C00DD5795;
					};
				};
			};
			buildConfigurationList = 8D7302A022A4792C00DD5795 /* Build configuration list for PBXProject "taskdate" */;
			compatibilityVersion = "Xcode 8.0";
			developmentRegion = en;
			hasScannedForEncodings = 0;
			knownRegions = (
				en,
				Base,
			);
			mainGroup = 8D73029C22A4792C00DD5795;
			productRefGroup = 8D7302A622A4792C00DD5795 /* Products */;
			projectDirPath = "";
			projectRoot = "";
			targets = (
				8D7302A422A4792C00DD5795 /* taskdate */,
				8D7302B622A4792C00DD5795 /* taskdateTests */,
				8D7302C122A4792C00DD5795 /* taskdateUITests */,
			);
		};
/* End PBXProject section */

/* Begin PBXResourcesBuildPhase section */
		8D7302A322A4792C00DD5795 /* Resources */ = {
			isa = PBXResourcesBuildPhase;
			buildActionMask = 2147483647;
			files = (
				8D7302AD22A4792C00DD5795 /* Assets.xcassets in Resources */,
				8D7302B022A4792C00DD5795 /* Main.storyboard in Resources */,
			);
			runOnlyForDeploymentPostprocessing = 0;
		};
		8D7302B522A4792C00DD5795 /* Resources */ = {
			isa = PBXResourcesBuildPhase;
			buildActionMask = 2147483647;
			files = (
			);
			runOnlyForDeploymentPostprocessing = 0;
		};
		8D7302C022A4792C00DD5795 /* Resources */ = {
			isa = PBXResourcesBuildPhase;
			buildActionMask = 2147483647;
			files = (
			);
			runOnlyForDeploymentPostprocessing = 0;
		};
/* End PBXResourcesBuildPhase section */

/* Begin PBXSourcesBuildPhase section */
		8D7302A122A4792C00DD5795 /* Sources */ = {
			isa = PBXSourcesBuildPhase;
			buildActionMask = 2147483647;
			files = (
				8D7302AB22A4792C00DD5795 /* ViewController.swift in Sources */,
				8D7302A922A4792C00DD5795 /* AppDelegate.swift in Sources */,
			);
			runOnlyForDeploymentPostprocessing = 0;
		};
		8D7302B322A4792C00DD5795 /* Sources */ = {
			isa = PBXSourcesBuildPhase;
			buildActionMask = 2147483647;
			files = (
				8D7302BC22A4792C00DD5795 /* taskdateTests.swift in Sources */,
			);
			runOnlyForDeploymentPostprocessing = 0;
		};
		8D7302BE22A4792C00DD5795 /* Sources */ = {
			isa = PBXSourcesBuildPhase;
			buildActionMask = 2147483647;
			files = (
				8D7302C722A4792C00DD5795 /* taskdateUITests.swift in Sources */,
			);
			runOnlyForDeploymentPostprocessing = 0;
		};
/* End PBXSourcesBuildPhase section */

/* Begin PBXTargetDependency section */
		8D7302B922A4792C00DD5795 /* PBXTargetDependency */ = {
			isa = PBXTargetDependency;
			target = 8D7302A422A4792C00DD5795 /* taskdate */;
			targetProxy = 8D7302B822A4792C00DD5795 /* PBXContainerItemProxy */;
		};
		8D7302C422A4792C00DD5795 /* PBXTargetDependency */ = {
			isa = PBXTargetDependency;
			target = 8D7302A422A4792C00DD5795 /* taskdate */;
			targetProxy = 8D7302C322A4792C00DD5795 /* PBXContainerItemProxy */;
		};
/* End PBXTargetDependency section */

/* Begin PBXVariantGroup section */
		8D7302AE22A4792C00DD5795 /* Main.storyboard */ = {
			isa = PBXVariantGroup;
			children = (
				8D7302AF22A4792C00DD5795 /* Base */,
			);
			name = Main.storyboard;
			sourceTree = "<group>";
		};
/* End PBXVariantGroup section */

/* Begin XCBuildConfiguration section */
		8D7302C922A4792C00DD5795 /* Debug */ = {
			isa = XCBuildConfiguration;
			buildSettings = {
				ALWAYS_SEARCH_USER_PATHS = NO;
				CLANG_ANALYZER_NONNULL = YES;
				CLANG_ANALYZER_NUMBER_OBJECT_CONVERSION = YES_AGGRESSIVE;
				CLANG_CXX_LANGUAGE_STANDARD = "gnu++14";
				CLANG_CXX_LIBRARY = "libc++";
				CLANG_ENABLE_MODULES = YES;
				CLANG_ENABLE_OBJC_ARC = YES;
				CLANG_WARN_BLOCK_CAPTURE_AUTORELEASING = YES;
				CLANG_WARN_BOOL_CONVERSION = YES;
				CLANG_WARN_COMMA = YES;
				CLANG_WARN_CONSTANT_CONVERSION = YES;
				CLANG_WARN_DIRECT_OBJC_ISA_USAGE = YES_ERROR;
				CLANG_WARN_DOCUMENTATION_COMMENTS = YES;
				CLANG_WARN_EMPTY_BODY = YES;
				CLANG_WARN_ENUM_CONVERSION = YES;
				CLANG_WARN_INFINITE_RECURSION = YES;
				CLANG_WARN_INT_CONVERSION = YES;
				CLANG_WARN_NON_LITERAL_NULL_CONVERSION = YES;
				CLANG_WARN_OBJC_LITERAL_CONVERSION = YES;
				CLANG_WARN_OBJC_ROOT_CLASS = YES_ERROR;
				CLANG_WARN_RANGE_LOOP_ANALYSIS = YES;
				CLANG_WARN_STRICT_PROTOTYPES = YES;
				CLANG_WARN_SUSPICIOUS_MOVE = YES;
				CLANG_WARN_UNGUARDED_AVAILABILITY = YES_AGGRESSIVE;
				CLANG_WARN_UNREACHABLE_CODE = YES;
				CLANG_WARN__DUPLICATE_METHOD_MATCH = YES;
				CODE_SIGN_IDENTITY = "-";
				COPY_PHASE_STRIP = NO;
				DEBUG_INFORMATION_FORMAT = dwarf;
				ENABLE_STRICT_OBJC_MSGSEND = YES;
				ENABLE_TESTABILITY = YES;
				GCC_C_LANGUAGE_STANDARD = gnu11;
				GCC_DYNAMIC_NO_PIC = NO;
				GCC_NO_COMMON_BLOCKS = YES;
				GCC_OPTIMIZATION_LEVEL = 0;
				GCC_PREPROCESSOR_DEFINITIONS = (
					"DEBUG=1",
					"$(inherited)",
				);
				GCC_WARN_64_TO_32_BIT_CONVERSION = YES;
				GCC_WARN_ABOUT_RETURN_TYPE = YES_ERROR;
				GCC_WARN_UNDECLARED_SELECTOR = YES;
				GCC_WARN_UNINITIALIZED_AUTOS = YES_AGGRESSIVE;
				GCC_WARN_UNUSED_FUNCTION = YES;
				GCC_WARN_UNUSED_VARIABLE = YES;
				MACOSX_DEPLOYMENT_TARGET = 10.14;
				MTL_ENABLE_DEBUG_INFO = YES;
				ONLY_ACTIVE_ARCH = YES;
				SDKROOT = macosx;
				SWIFT_ACTIVE_COMPILATION_CONDITIONS = DEBUG;
				SWIFT_OPTIMIZATION_LEVEL = "-Onone";
			};
			name = Debug;
		};
		8D7302CA22A4792C00DD5795 /* Release */ = {
			isa = XCBuildConfiguration;
			buildSettings = {
				ALWAYS_SEARCH_USER_PATHS = NO;
				CLANG_ANALYZER_NONNULL = YES;
				CLANG_ANALYZER_NUMBER_OBJECT_CONVERSION = YES_AGGRESSIVE;
				CLANG_CXX_LANGUAGE_STANDARD = "gnu++14";
				CLANG_CXX_LIBRARY = "libc++";
				CLANG_ENABLE_MODULES = YES;
				CLANG_ENABLE_OBJC_ARC = YES;
				CLANG_WARN_BLOCK_CAPTURE_AUTORELEASING = YES;
				CLANG_WARN_BOOL_CONVERSION = YES;
				CLANG_WARN_COMMA = YES;
				CLANG_WARN_CONSTANT_CONVERSION = YES;
				CLANG_WARN_DIRECT_OBJC_ISA_USAGE = YES_ERROR;
				CLANG_WARN_DOCUMENTATION_COMMENTS = YES;
				CLANG_WARN_EMPTY_BODY = YES;
				CLANG_WARN_ENUM_CONVERSION = YES;
				CLANG_WARN_INFINITE_RECURSION = YES;
				CLANG_WARN_INT_CONVERSION = YES;
				CLANG_WARN_NON_LITERAL_NULL_CONVERSION = YES;
				CLANG_WARN_OBJC_LITERAL_CONVERSION = YES;
				CLANG_WARN_OBJC_ROOT_CLASS = YES_ERROR;
				CLANG_WARN_RANGE_LOOP_ANALYSIS = YES;
				CLANG_WARN_STRICT_PROTOTYPES = YES;
				CLANG_WARN_SUSPICIOUS_MOVE = YES;
				CLANG_WARN_UNGUARDED_AVAILABILITY = YES_AGGRESSIVE;
				CLANG_WARN_UNREACHABLE_CODE = YES;
				CLANG_WARN__DUPLICATE_METHOD_MATCH = YES;
				CODE_SIGN_IDENTITY = "-";
				COPY_PHASE_STRIP = NO;
				DEBUG_INFORMATION_FORMAT = "dwarf-with-dsym";
				ENABLE_NS_ASSERTIONS = NO;
				ENABLE_STRICT_OBJC_MSGSEND = YES;
				GCC_C_LANGUAGE_STANDARD = gnu11;
				GCC_NO_COMMON_BLOCKS = YES;
				GCC_WARN_64_TO_32_BIT_CONVERSION = YES;
				GCC_WARN_ABOUT_RETURN_TYPE = YES_ERROR;
				GCC_WARN_UNDECLARED_SELECTOR = YES;
				GCC_WARN_UNINITIALIZED_AUTOS = YES_AGGRESSIVE;
				GCC_WARN_UNUSED_FUNCTION = YES;
				GCC_WARN_UNUSED_VARIABLE = YES;
				MACOSX_DEPLOYMENT_TARGET = 10.14;
				MTL_ENABLE_DEBUG_INFO = NO;
				SDKROOT = macosx;
				SWIFT_OPTIMIZATION_LEVEL = "-Owholemodule";
			};
			name = Release;
		};
		8D7302CC22A4792C00DD5795 /* Debug */ = {
			isa = XCBuildConfiguration;
			buildSettings = {
				ASSETCATALOG_COMPILER_APPICON_NAME = AppIcon;
				CODE_SIGN_ENTITLEMENTS = taskdate/taskdate.entitlements;
				CODE_SIGN_STYLE = Automatic;
				COMBINE_HIDPI_IMAGES = YES;
				INFOPLIST_FILE = taskdate/Info.plist;
				LD_RUNPATH_SEARCH_PATHS = "$(inherited) @executable_path/../Frameworks";
				PRODUCT_BUNDLE_IDENTIFIER = PLLL.taskdate;
				PRODUCT_NAME = "$(TARGET_NAME)";
				SWIFT_VERSION = 4.0;
			};
			name = Debug;
		};
		8D7302CD22A4792C00DD5795 /* Release */ = {
			isa = XCBuildConfiguration;
			buildSettings = {
				ASSETCATALOG_COMPILER_APPICON_NAME = AppIcon;
				CODE_SIGN_ENTITLEMENTS = taskdate/taskdate.entitlements;
				CODE_SIGN_STYLE = Automatic;
				COMBINE_HIDPI_IMAGES = YES;
				INFOPLIST_FILE = taskdate/Info.plist;
				LD_RUNPATH_SEARCH_PATHS = "$(inherited) @executable_path/../Frameworks";
				PRODUCT_BUNDLE_IDENTIFIER = PLLL.taskdate;
				PRODUCT_NAME = "$(TARGET_NAME)";
				SWIFT_VERSION = 4.0;
			};
			name = Release;
		};
		8D7302CF22A4792C00DD5795 /* Debug */ = {
			isa = XCBuildConfiguration;
			buildSettings = {
				ALWAYS_EMBED_SWIFT_STANDARD_LIBRARIES = YES;
				BUNDLE_LOADER = "$(TEST_HOST)";
				CODE_SIGN_STYLE = Automatic;
				COMBINE_HIDPI_IMAGES = YES;
				INFOPLIST_FILE = taskdateTests/Info.plist;
				LD_RUNPATH_SEARCH_PATHS = "$(inherited) @executable_path/../Frameworks @loader_path/../Frameworks";
				PRODUCT_BUNDLE_IDENTIFIER = PLLL.taskdateTests;
				PRODUCT_NAME = "$(TARGET_NAME)";
				SWIFT_VERSION = 4.0;
				TEST_HOST = "$(BUILT_PRODUCTS_DIR)/taskdate.app/Contents/MacOS/taskdate";
			};
			name = Debug;
		};
		8D7302D022A4792C00DD5795 /* Release */ = {
			isa = XCBuildConfiguration;
			buildSettings = {
				ALWAYS_EMBED_SWIFT_STANDARD_LIBRARIES = YES;
				BUNDLE_LOADER = "$(TEST_HOST)";
				CODE_SIGN_STYLE = Automatic;
				COMBINE_HIDPI_IMAGES = YES;
				INFOPLIST_FILE = taskdateTests/Info.plist;
				LD_RUNPATH_SEARCH_PATHS = "$(inherited) @executable_path/../Frameworks @loader_path/../Frameworks";
				PRODUCT_BUNDLE_IDENTIFIER = PLLL.taskdateTests;
				PRODUCT_NAME = "$(TARGET_NAME)";
				SWIFT_VERSION = 4.0;
				TEST_HOST = "$(BUILT_PRODUCTS_DIR)/taskdate.app/Contents/MacOS/taskdate";
			};
			name = Release;
		};
		8D7302D222A4792C00DD5795 /* Debug */ = {
			isa = XCBuildConfiguration;
			buildSettings = {
				ALWAYS_EMBED_SWIFT_STANDARD_LIBRARIES = YES;
				CODE_SIGN_STYLE = Automatic;
				COMBINE_HIDPI_IMAGES = YES;
				INFOPLIST_FILE = taskdateUITests/Info.plist;
				LD_RUNPATH_SEARCH_PATHS = "$(inherited) @executable_path/../Frameworks @loader_path/../Frameworks";
				PRODUCT_BUNDLE_IDENTIFIER = PLLL.taskdateUITests;
				PRODUCT_NAME = "$(TARGET_NAME)";
				SWIFT_VERSION = 4.0;
				TEST_TARGET_NAME = taskdate;
			};
			name = Debug;
		};
		8D7302D322A4792C00DD5795 /* Release */ = {
			isa = XCBuildConfiguration;
			buildSettings = {
				ALWAYS_EMBED_SWIFT_STANDARD_LIBRARIES = YES;
				CODE_SIGN_STYLE = Automatic;
				COMBINE_HIDPI_IMAGES = YES;
				INFOPLIST_FILE = taskdateUITests/Info.plist;
				LD_RUNPATH_SEARCH_PATHS = "$(inherited) @executable_path/../Frameworks @loader_path/../Frameworks";
				PRODUCT_BUNDLE_IDENTIFIER = PLLL.taskdateUITests;
				PRODUCT_NAME = "$(TARGET_NAME)";
				SWIFT_VERSION = 4.0;
				TEST_TARGET_NAME = taskdate;
			};
			name = Release;
		};
/* End XCBuildConfiguration section */

/* Begin XCConfigurationList section */
		8D7302A022A4792C00DD5795 /* Build configuration list for PBXProject "taskdate" */ = {
			isa = XCConfigurationList;
			buildConfigurations = (
				8D7302C922A4792C00DD5795 /* Debug */,
				8D7302CA22A4792C00DD5795 /* Release */,
			);
			defaultConfigurationIsVisible = 0;
			defaultConfigurationName = Release;
		};
		8D7302CB22A4792C00DD5795 /* Build configuration list for PBXNativeTarget "taskdate" */ = {
			isa = XCConfigurationList;
			buildConfigurations = (
				8D7302CC22A4792C00DD5795 /* Debug */,
				8D7302CD22A4792C00DD5795 /* Release */,
			);
			defaultConfigurationIsVisible = 0;
			defaultConfigurationName = Release;
		};
		8D7302CE22A4792C00DD5795 /* Build configuration list for PBXNativeTarget "taskdateTests" */ = {
			isa = XCConfigurationList;
			buildConfigurations = (
				8D7302CF22A4792C00DD5795 /* Debug */,
				8D7302D022A4792C00DD5795 /* Release */,
			);
			defaultConfigurationIsVisible = 0;
			defaultConfigurationName = Release;
		};
		8D7302D122A4792C00DD5795 /* Build configuration list for PBXNativeTarget "taskdateUITests" */ = {
			isa = XCConfigurationList;
			buildConfigurations = (
				8D7302D222A4792C00DD5795 /* Debug */,
				8D7302D322A4792C00DD5795 /* Release */,
			);
			defaultConfigurationIsVisible = 0;
			defaultConfigurationName = Release;
		};
/* End XCConfigurationList section */
	};
	rootObject = 8D73029D22A4792C00DD5795 /* Project object */;
}
